
Microsoft Visual Studio Solution File, Format Version 11.00
# Visual Studio 2010
Project("{FAE04EC0-301F-11D3-BF4B-00C04F79EFBC}") = "Parking.StartUp", "Parking.StartUp\Parking.StartUp.csproj", "{7065D4FE-709E-4FEA-8C16-F664DB8CAE0F}"
EndProject
Project("{FAE04EC0-301F-11D3-BF4B-00C04F79EFBC}") = "Parking.Core", "Parking.Core\Parking.Core.csproj", "{77925CCF-F593-4123-8234-59703AA16EA0}"
EndProject
Project("{2150E333-8FDC-42A3-9474-1A3956D46DE8}") = "Plugins", "Plugins", "{5C13A62B-403E-49DC-9A71-73E750CD3980}"
EndProject
Project("{2150E333-8FDC-42A3-9474-1A3956D46DE8}") = "Form", "Form", "{F28BC43D-6F3F-4225-AD6E-2538741488B0}"
EndProject
Project("{FAE04EC0-301F-11D3-BF4B-00C04F79EFBC}") = "Parking.WorkBench", "Parking.Plugins\Parking.WorkBench\Parking.WorkBench.csproj", "{4A388A63-2EBA-45F0-B7B4-2124A8B1D634}"
EndProject
Project("{2150E333-8FDC-42A3-9474-1A3956D46DE8}") = "Test", "Test", "{5C93DADB-8CF1-41F7-A251-42AE4A09D3F3}"
EndProject
Project("{2150E333-8FDC-42A3-9474-1A3956D46DE8}") = "Service", "Service", "{B5F3C94C-FA48-43DA-A3AE-F8D8E98F7A2D}"
EndProject
Project("{FAE04EC0-301F-11D3-BF4B-00C04F79EFBC}") = "Parking.DBService", "Parking.Plugins\Parking.DBService\Parking.DBService.csproj", "{F71C70AB-0928-4FA2-9A34-E44107E6A82E}"
EndProject
Project("{FAE04EC0-301F-11D3-BF4B-00C04F79EFBC}") = "Parking.ChargeStandard", "Parking.Plugins\Parking.ChargeStandard\Parking.ChargeStandard.csproj", "{81E901F1-99A9-4E54-83ED-FD26FF9543DF}"
EndProject
Project("{2150E333-8FDC-42A3-9474-1A3956D46DE8}") = "Control", "Control", "{9B4CAB0C-B870-4E29-B41C-2AB0C9A5255B}"
EndProject
Project("{2150E333-8FDC-42A3-9474-1A3956D46DE8}") = "Drives", "Drives", "{7321F803-A007-42F6-8C8C-68EB206BD93E}"
EndProject
Project("{FAE04EC0-301F-11D3-BF4B-00C04F79EFBC}") = "Parking.Drives", "Parking.Plugins\Parking.Drives\Parking.Drives.csproj", "{36809070-F658-4355-88AE-296C05A0EF47}"
EndProject
Project("{FAE04EC0-301F-11D3-BF4B-00C04F79EFBC}") = "Parking.Test", "Parking.Plugins\Parking.Test\Parking.Test.csproj", "{8366609B-D90F-45C9-8005-11F564683CF7}"
EndProject
Project("{FAE04EC0-301F-11D3-BF4B-00C04F79EFBC}") = "Parking.BasePanel", "Parking.Plugins\Parking.BasePanel\Parking.BasePanel.csproj", "{771E3607-43C7-4AB0-99DE-B13F9C2BE16F}"
EndProject
Project("{FAE04EC0-301F-11D3-BF4B-00C04F79EFBC}") = "Parking.MonitorCenter", "Parking.Plugins\Parking.MonitorCenter\Parking.MonitorCenter.csproj", "{321CD0BB-ADBD-4B2C-ABB8-F6036ABC99EA}"
EndProject
Project("{FAE04EC0-301F-11D3-BF4B-00C04F79EFBC}") = "Parking.MultiTab", "Parking.Plugins\Parking.MultiTab\Parking.MultiTab.csproj", "{0E4BE530-16C3-4AF8-87ED-EC16033B6AC2}"
EndProject
Project("{FAE04EC0-301F-11D3-BF4B-00C04F79EFBC}") = "Parking.ControlPanel", "Parking.Plugins\Parking.ControlPanel\Parking.ControlPanel.csproj", "{7ED584EF-5010-47A7-BF41-E0EC24372484}"
EndProject
Project("{FAE04EC0-301F-11D3-BF4B-00C04F79EFBC}") = "Parking.DataUpload", "Parking.Plugins\Parking.DataUpload\Parking.DataUpload.csproj", "{E8DB05BE-78F9-4087-BE6E-814A05DB2F1A}"
EndProject
Project("{FAE04EC0-301F-11D3-BF4B-00C04F79EFBC}") = "Parking.DeviceStatus", "Parking.Plugins\Parking.DeviceStatus\Parking.DeviceStatus.csproj", "{5A9199BE-CDD2-4B3D-ADCD-171CD0B3D35D}"
EndProject
Project("{FAE04EC0-301F-11D3-BF4B-00C04F79EFBC}") = "Parking.OperatorInfo", "Parking.Plugins\Parking.OperatorInfo\Parking.OperatorInfo.csproj", "{B279DBCB-55C1-45F6-AD6D-3DC4E39307A5}"
EndProject
Project("{FAE04EC0-301F-11D3-BF4B-00C04F79EFBC}") = "Parking.OwnerInfo", "Parking.Plugins\Parking.OwnerInfo\Parking.OwnerInfo.csproj", "{FAE23AA6-2D23-4A34-A14C-41ADBA0772B5}"
EndProject
Project("{FAE04EC0-301F-11D3-BF4B-00C04F79EFBC}") = "Parking.RecognitionStatistics", "Parking.Plugins\Parking.RecognitionStatistics\Parking.RecognitionStatistics.csproj", "{A8F7A6C0-9DA5-4CAB-8312-73D45C472846}"
EndProject
Project("{FAE04EC0-301F-11D3-BF4B-00C04F79EFBC}") = "Parking.RemainingUnit", "Parking.Plugins\Parking.RemainingUnit\Parking.RemainingUnit.csproj", "{7EB4277B-FD31-4ADE-A4C6-CA19AE738288}"
EndProject
Project("{FAE04EC0-301F-11D3-BF4B-00C04F79EFBC}") = "Parking.RoadGate", "Parking.Plugins\Parking.RoadGate\Parking.RoadGate.csproj", "{697999D8-47BF-4D46-827D-7E4C00EE3B7C}"
EndProject
Project("{FAE04EC0-301F-11D3-BF4B-00C04F79EFBC}") = "Parking.ChargeDetails", "Parking.Plugins\Parking.ChargeDetails\Parking.ChargeDetails.csproj", "{6DA4BEDA-7907-420F-AA16-36EDC98EB9F7}"
EndProject
Project("{FAE04EC0-301F-11D3-BF4B-00C04F79EFBC}") = "Parking.CarInfomation", "Parking.Plugins\Parking.CarInfomation\Parking.CarInfomation.csproj", "{8D0F080A-556F-474B-B470-10EBEB0ECEF2}"
EndProject
Global
	GlobalSection(SolutionConfigurationPlatforms) = preSolution
		Debug|Any CPU = Debug|Any CPU
		Release|Any CPU = Release|Any CPU
	EndGlobalSection
	GlobalSection(ProjectConfigurationPlatforms) = postSolution
		{7065D4FE-709E-4FEA-8C16-F664DB8CAE0F}.Debug|Any CPU.ActiveCfg = Debug|Any CPU
		{7065D4FE-709E-4FEA-8C16-F664DB8CAE0F}.Debug|Any CPU.Build.0 = Debug|Any CPU
		{7065D4FE-709E-4FEA-8C16-F664DB8CAE0F}.Release|Any CPU.ActiveCfg = Release|Any CPU
		{7065D4FE-709E-4FEA-8C16-F664DB8CAE0F}.Release|Any CPU.Build.0 = Release|Any CPU
		{77925CCF-F593-4123-8234-59703AA16EA0}.Debug|Any CPU.ActiveCfg = Debug|Any CPU
		{77925CCF-F593-4123-8234-59703AA16EA0}.Debug|Any CPU.Build.0 = Debug|Any CPU
		{77925CCF-F593-4123-8234-59703AA16EA0}.Release|Any CPU.ActiveCfg = Release|Any CPU
		{77925CCF-F593-4123-8234-59703AA16EA0}.Release|Any CPU.Build.0 = Release|Any CPU
		{4A388A63-2EBA-45F0-B7B4-2124A8B1D634}.Debug|Any CPU.ActiveCfg = Debug|Any CPU
		{4A388A63-2EBA-45F0-B7B4-2124A8B1D634}.Debug|Any CPU.Build.0 = Debug|Any CPU
		{4A388A63-2EBA-45F0-B7B4-2124A8B1D634}.Release|Any CPU.ActiveCfg = Release|Any CPU
		{4A388A63-2EBA-45F0-B7B4-2124A8B1D634}.Release|Any CPU.Build.0 = Release|Any CPU
		{F71C70AB-0928-4FA2-9A34-E44107E6A82E}.Debug|Any CPU.ActiveCfg = Debug|Any CPU
		{F71C70AB-0928-4FA2-9A34-E44107E6A82E}.Debug|Any CPU.Build.0 = Debug|Any CPU
		{F71C70AB-0928-4FA2-9A34-E44107E6A82E}.Release|Any CPU.ActiveCfg = Release|Any CPU
		{F71C70AB-0928-4FA2-9A34-E44107E6A82E}.Release|Any CPU.Build.0 = Release|Any CPU
		{81E901F1-99A9-4E54-83ED-FD26FF9543DF}.Debug|Any CPU.ActiveCfg = Debug|Any CPU
		{81E901F1-99A9-4E54-83ED-FD26FF9543DF}.Debug|Any CPU.Build.0 = Debug|Any CPU
		{81E901F1-99A9-4E54-83ED-FD26FF9543DF}.Release|Any CPU.ActiveCfg = Release|Any CPU
		{81E901F1-99A9-4E54-83ED-FD26FF9543DF}.Release|Any CPU.Build.0 = Release|Any CPU
		{36809070-F658-4355-88AE-296C05A0EF47}.Debug|Any CPU.ActiveCfg = Debug|Any CPU
		{36809070-F658-4355-88AE-296C05A0EF47}.Debug|Any CPU.Build.0 = Debug|Any CPU
		{36809070-F658-4355-88AE-296C05A0EF47}.Release|Any CPU.ActiveCfg = Release|Any CPU
		{36809070-F658-4355-88AE-296C05A0EF47}.Release|Any CPU.Build.0 = Release|Any CPU
		{8366609B-D90F-45C9-8005-11F564683CF7}.Debug|Any CPU.ActiveCfg = Debug|Any CPU
		{8366609B-D90F-45C9-8005-11F564683CF7}.Debug|Any CPU.Build.0 = Debug|Any CPU
		{8366609B-D90F-45C9-8005-11F564683CF7}.Release|Any CPU.ActiveCfg = Release|Any CPU
		{8366609B-D90F-45C9-8005-11F564683CF7}.Release|Any CPU.Build.0 = Release|Any CPU
		{771E3607-43C7-4AB0-99DE-B13F9C2BE16F}.Debug|Any CPU.ActiveCfg = Debug|Any CPU
		{771E3607-43C7-4AB0-99DE-B13F9C2BE16F}.Debug|Any CPU.Build.0 = Debug|Any CPU
		{771E3607-43C7-4AB0-99DE-B13F9C2BE16F}.Release|Any CPU.ActiveCfg = Release|Any CPU
		{771E3607-43C7-4AB0-99DE-B13F9C2BE16F}.Release|Any CPU.Build.0 = Release|Any CPU
		{321CD0BB-ADBD-4B2C-ABB8-F6036ABC99EA}.Debug|Any CPU.ActiveCfg = Debug|Any CPU
		{321CD0BB-ADBD-4B2C-ABB8-F6036ABC99EA}.Debug|Any CPU.Build.0 = Debug|Any CPU
		{321CD0BB-ADBD-4B2C-ABB8-F6036ABC99EA}.Release|Any CPU.ActiveCfg = Release|Any CPU
		{321CD0BB-ADBD-4B2C-ABB8-F6036ABC99EA}.Release|Any CPU.Build.0 = Release|Any CPU
		{0E4BE530-16C3-4AF8-87ED-EC16033B6AC2}.Debug|Any CPU.ActiveCfg = Debug|Any CPU
		{0E4BE530-16C3-4AF8-87ED-EC16033B6AC2}.Debug|Any CPU.Build.0 = Debug|Any CPU
		{0E4BE530-16C3-4AF8-87ED-EC16033B6AC2}.Release|Any CPU.ActiveCfg = Release|Any CPU
		{0E4BE530-16C3-4AF8-87ED-EC16033B6AC2}.Release|Any CPU.Build.0 = Release|Any CPU
		{7ED584EF-5010-47A7-BF41-E0EC24372484}.Debug|Any CPU.ActiveCfg = Debug|Any CPU
		{7ED584EF-5010-47A7-BF41-E0EC24372484}.Debug|Any CPU.Build.0 = Debug|Any CPU
		{7ED584EF-5010-47A7-BF41-E0EC24372484}.Release|Any CPU.ActiveCfg = Release|Any CPU
		{7ED584EF-5010-47A7-BF41-E0EC24372484}.Release|Any CPU.Build.0 = Release|Any CPU
		{E8DB05BE-78F9-4087-BE6E-814A05DB2F1A}.Debug|Any CPU.ActiveCfg = Debug|Any CPU
		{E8DB05BE-78F9-4087-BE6E-814A05DB2F1A}.Debug|Any CPU.Build.0 = Debug|Any CPU
		{E8DB05BE-78F9-4087-BE6E-814A05DB2F1A}.Release|Any CPU.ActiveCfg = Release|Any CPU
		{E8DB05BE-78F9-4087-BE6E-814A05DB2F1A}.Release|Any CPU.Build.0 = Release|Any CPU
		{5A9199BE-CDD2-4B3D-ADCD-171CD0B3D35D}.Debug|Any CPU.ActiveCfg = Debug|Any CPU
		{5A9199BE-CDD2-4B3D-ADCD-171CD0B3D35D}.Debug|Any CPU.Build.0 = Debug|Any CPU
		{5A9199BE-CDD2-4B3D-ADCD-171CD0B3D35D}.Release|Any CPU.ActiveCfg = Release|Any CPU
		{5A9199BE-CDD2-4B3D-ADCD-171CD0B3D35D}.Release|Any CPU.Build.0 = Release|Any CPU
		{B279DBCB-55C1-45F6-AD6D-3DC4E39307A5}.Debug|Any CPU.ActiveCfg = Debug|Any CPU
		{B279DBCB-55C1-45F6-AD6D-3DC4E39307A5}.Debug|Any CPU.Build.0 = Debug|Any CPU
		{B279DBCB-55C1-45F6-AD6D-3DC4E39307A5}.Release|Any CPU.ActiveCfg = Release|Any CPU
		{B279DBCB-55C1-45F6-AD6D-3DC4E39307A5}.Release|Any CPU.Build.0 = Release|Any CPU
		{FAE23AA6-2D23-4A34-A14C-41ADBA0772B5}.Debug|Any CPU.ActiveCfg = Debug|Any CPU
		{FAE23AA6-2D23-4A34-A14C-41ADBA0772B5}.Debug|Any CPU.Build.0 = Debug|Any CPU
		{FAE23AA6-2D23-4A34-A14C-41ADBA0772B5}.Release|Any CPU.ActiveCfg = Release|Any CPU
		{FAE23AA6-2D23-4A34-A14C-41ADBA0772B5}.Release|Any CPU.Build.0 = Release|Any CPU
		{A8F7A6C0-9DA5-4CAB-8312-73D45C472846}.Debug|Any CPU.ActiveCfg = Debug|Any CPU
		{A8F7A6C0-9DA5-4CAB-8312-73D45C472846}.Debug|Any CPU.Build.0 = Debug|Any CPU
		{A8F7A6C0-9DA5-4CAB-8312-73D45C472846}.Release|Any CPU.ActiveCfg = Release|Any CPU
		{A8F7A6C0-9DA5-4CAB-8312-73D45C472846}.Release|Any CPU.Build.0 = Release|Any CPU
		{7EB4277B-FD31-4ADE-A4C6-CA19AE738288}.Debug|Any CPU.ActiveCfg = Debug|Any CPU
		{7EB4277B-FD31-4ADE-A4C6-CA19AE738288}.Debug|Any CPU.Build.0 = Debug|Any CPU
		{7EB4277B-FD31-4ADE-A4C6-CA19AE738288}.Release|Any CPU.ActiveCfg = Release|Any CPU
		{7EB4277B-FD31-4ADE-A4C6-CA19AE738288}.Release|Any CPU.Build.0 = Release|Any CPU
		{697999D8-47BF-4D46-827D-7E4C00EE3B7C}.Debug|Any CPU.ActiveCfg = Debug|Any CPU
		{697999D8-47BF-4D46-827D-7E4C00EE3B7C}.Debug|Any CPU.Build.0 = Debug|Any CPU
		{697999D8-47BF-4D46-827D-7E4C00EE3B7C}.Release|Any CPU.ActiveCfg = Release|Any CPU
		{697999D8-47BF-4D46-827D-7E4C00EE3B7C}.Release|Any CPU.Build.0 = Release|Any CPU
		{6DA4BEDA-7907-420F-AA16-36EDC98EB9F7}.Debug|Any CPU.ActiveCfg = Debug|Any CPU
		{6DA4BEDA-7907-420F-AA16-36EDC98EB9F7}.Debug|Any CPU.Build.0 = Debug|Any CPU
		{6DA4BEDA-7907-420F-AA16-36EDC98EB9F7}.Release|Any CPU.ActiveCfg = Release|Any CPU
		{6DA4BEDA-7907-420F-AA16-36EDC98EB9F7}.Release|Any CPU.Build.0 = Release|Any CPU
		{8D0F080A-556F-474B-B470-10EBEB0ECEF2}.Debug|Any CPU.ActiveCfg = Debug|Any CPU
		{8D0F080A-556F-474B-B470-10EBEB0ECEF2}.Debug|Any CPU.Build.0 = Debug|Any CPU
		{8D0F080A-556F-474B-B470-10EBEB0ECEF2}.Release|Any CPU.ActiveCfg = Release|Any CPU
		{8D0F080A-556F-474B-B470-10EBEB0ECEF2}.Release|Any CPU.Build.0 = Release|Any CPU
	EndGlobalSection
	GlobalSection(SolutionProperties) = preSolution
		HideSolutionNode = FALSE
	EndGlobalSection
	GlobalSection(NestedProjects) = preSolution
		{F28BC43D-6F3F-4225-AD6E-2538741488B0} = {5C13A62B-403E-49DC-9A71-73E750CD3980}
		{5C93DADB-8CF1-41F7-A251-42AE4A09D3F3} = {5C13A62B-403E-49DC-9A71-73E750CD3980}
		{B5F3C94C-FA48-43DA-A3AE-F8D8E98F7A2D} = {5C13A62B-403E-49DC-9A71-73E750CD3980}
		{9B4CAB0C-B870-4E29-B41C-2AB0C9A5255B} = {5C13A62B-403E-49DC-9A71-73E750CD3980}
		{7321F803-A007-42F6-8C8C-68EB206BD93E} = {5C13A62B-403E-49DC-9A71-73E750CD3980}
		{4A388A63-2EBA-45F0-B7B4-2124A8B1D634} = {F28BC43D-6F3F-4225-AD6E-2538741488B0}
		{8366609B-D90F-45C9-8005-11F564683CF7} = {5C93DADB-8CF1-41F7-A251-42AE4A09D3F3}
		{F71C70AB-0928-4FA2-9A34-E44107E6A82E} = {B5F3C94C-FA48-43DA-A3AE-F8D8E98F7A2D}
		{81E901F1-99A9-4E54-83ED-FD26FF9543DF} = {B5F3C94C-FA48-43DA-A3AE-F8D8E98F7A2D}
		{771E3607-43C7-4AB0-99DE-B13F9C2BE16F} = {9B4CAB0C-B870-4E29-B41C-2AB0C9A5255B}
		{321CD0BB-ADBD-4B2C-ABB8-F6036ABC99EA} = {9B4CAB0C-B870-4E29-B41C-2AB0C9A5255B}
		{0E4BE530-16C3-4AF8-87ED-EC16033B6AC2} = {9B4CAB0C-B870-4E29-B41C-2AB0C9A5255B}
		{7ED584EF-5010-47A7-BF41-E0EC24372484} = {9B4CAB0C-B870-4E29-B41C-2AB0C9A5255B}
		{E8DB05BE-78F9-4087-BE6E-814A05DB2F1A} = {9B4CAB0C-B870-4E29-B41C-2AB0C9A5255B}
		{5A9199BE-CDD2-4B3D-ADCD-171CD0B3D35D} = {9B4CAB0C-B870-4E29-B41C-2AB0C9A5255B}
		{B279DBCB-55C1-45F6-AD6D-3DC4E39307A5} = {9B4CAB0C-B870-4E29-B41C-2AB0C9A5255B}
		{FAE23AA6-2D23-4A34-A14C-41ADBA0772B5} = {9B4CAB0C-B870-4E29-B41C-2AB0C9A5255B}
		{A8F7A6C0-9DA5-4CAB-8312-73D45C472846} = {9B4CAB0C-B870-4E29-B41C-2AB0C9A5255B}
		{7EB4277B-FD31-4ADE-A4C6-CA19AE738288} = {9B4CAB0C-B870-4E29-B41C-2AB0C9A5255B}
		{697999D8-47BF-4D46-827D-7E4C00EE3B7C} = {9B4CAB0C-B870-4E29-B41C-2AB0C9A5255B}
		{6DA4BEDA-7907-420F-AA16-36EDC98EB9F7} = {9B4CAB0C-B870-4E29-B41C-2AB0C9A5255B}
		{8D0F080A-556F-474B-B470-10EBEB0ECEF2} = {9B4CAB0C-B870-4E29-B41C-2AB0C9A5255B}
		{36809070-F658-4355-88AE-296C05A0EF47} = {7321F803-A007-42F6-8C8C-68EB206BD93E}
	EndGlobalSection
EndGlobal
